{
  "name": "typed-environment-cli",
  "version": "1.0.0",
  "lockfileVersion": 3,
  "requires": true,
  "packages": {
    "": {
      "name": "typed-environment-cli",
      "version": "1.0.0",
      "license": "ISC",
      "dependencies": {
        "typed-environment": "^0.1.7"
      }
    },
    "node_modules/typed-environment": {
      "version": "0.1.7",
      "resolved": "https://registry.npmjs.org/typed-environment/-/typed-environment-0.1.7.tgz",
      "integrity": "sha512-DoIdIzFnPIwvdiT/FoxQpHm3Fy4gIH3QwIGwbEfzrvdeTnrBv1LdSozNwIsIDpAj/KohQxSn+mntfQwH6K6R/Q==",
      "license": "MIT"
    }
  }
}
